
Microsoft Visual Studio Solution File, Format Version 12.00
# Visual Studio 15
VisualStudioVersion = 15.0.28307.271
MinimumVisualStudioVersion = 10.0.40219.1
Project("{FAE04EC0-301F-11D3-BF4B-00C04F79EFBC}") = "Spaceship", "Spaceship\Spaceship.csproj", "{11D2FB09-66B1-4496-A078-DE839FCF83C6}"
EndProject
Global
	GlobalSection(SolutionConfigurationPlatforms) = preSolution
		Debug|Any CPU = Debug|Any CPU
		Release|Any CPU = Release|Any CPU
	EndGlobalSection
	GlobalSection(ProjectConfigurationPlatforms) = postSolution
		{11D2FB09-66B1-4496-A078-DE839FCF83C6}.Debug|Any CPU.ActiveCfg = Debug|Any CPU
		{11D2FB09-66B1-4496-A078-DE839FCF83C6}.Debug|Any CPU.Build.0 = Debug|Any CPU
		{11D2FB09-66B1-4496-A078-DE839FCF83C6}.Release|Any CPU.ActiveCfg = Release|Any CPU
		{11D2FB09-66B1-4496-A078-DE839FCF83C6}.Release|Any CPU.Build.0 = Release|Any CPU
	EndGlobalSection
	GlobalSection(SolutionProperties) = preSolution
		HideSolutionNode = FALSE
	EndGlobalSection
	GlobalSection(ExtensibilityGlobals) = postSolution
		SolutionGuid = {00259739-7DA4-496C-ACAA-7C6739470352}
	EndGlobalSection
EndGlobal
